{
  "nodes": {
    "mozilla-overlay": {
      "flake": false,
      "locked": {
        "lastModified": 1664789696,
        "narHash": "sha256-UGWJHQShiwLCr4/DysMVFrYdYYHcOqAOVsWNUu+l6YU=",
        "owner": "mozilla",
        "repo": "nixpkgs-mozilla",
        "rev": "80627b282705101e7b38e19ca6e8df105031b072",
        "type": "github"
      },
      "original": {
        "owner": "mozilla",
        "repo": "nixpkgs-mozilla",
        "type": "github"
      }
    },
    "nixpkgs": {
      "locked": {
        "lastModified": 1669735802,
        "narHash": "sha256-qtG/o/i5ZWZLmXw108N2aPiVsxOcidpHJYNkT45ry9Q=",
        "owner": "NixOS",
        "repo": "nixpkgs",
        "rev": "731cc710aeebecbf45a258e977e8b68350549522",
        "type": "github"
      },
      "original": {
        "owner": "NixOS",
        "ref": "nixos-22.11",
        "repo": "nixpkgs",
        "type": "github"
      }
    },
    "root": {
      "inputs": {
        "mozilla-overlay": [
          "zynq-rs",
          "mozilla-overlay"
        ],
        "nixpkgs": [
          "zynq-rs",
          "nixpkgs"
        ],
        "zynq-rs": "zynq-rs"
      }
    },
    "zynq-rs": {
      "inputs": {
        "mozilla-overlay": "mozilla-overlay",
        "nixpkgs": "nixpkgs"
      },
      "locked": {
        "lastModified": 1669819016,
        "narHash": "sha256-WvNMUekL4Elc55RdqX8XP43QPnBrK8Rbd0bsoI61E5U=",
        "ref": "refs/heads/master",
        "rev": "67dbb5932fa8ff5f143983476f741f945871d286",
        "revCount": 624,
        "type": "git",
        "url": "https://git.m-labs.hk/M-Labs/zynq-rs"
      },
      "original": {
        "type": "git",
        "url": "https://git.m-labs.hk/M-Labs/zynq-rs"
      }
    }
  },
  "root": "root",
  "version": 7
}
